// !$*UTF8*$!
{
	archiveVersion = 1;
	classes = {
	};
	objectVersion = 56;
	objects = {

/* Begin PBXBuildFile section */
		1757BABF29680BEA00C78BCD /* EmployeeDétail.swift in Sources */ = {isa = PBXBuildFile; fileRef = 1757BABE29680BEA00C78BCD /* EmployeeDétail.swift */; };
		1757BAC129680D1900C78BCD /* TaskUpdateView.swift in Sources */ = {isa = PBXBuildFile; fileRef = 1757BAC029680D1900C78BCD /* TaskUpdateView.swift */; };
		17675E5F2967749200B8BDED /* CoreDateToManyApp.swift in Sources */ = {isa = PBXBuildFile; fileRef = 17675E5E2967749200B8BDED /* CoreDateToManyApp.swift */; };
		17675E612967749200B8BDED /* ContentView.swift in Sources */ = {isa = PBXBuildFile; fileRef = 17675E602967749200B8BDED /* ContentView.swift */; };
		17675E632967749300B8BDED /* Assets.xcassets in Resources */ = {isa = PBXBuildFile; fileRef = 17675E622967749300B8BDED /* Assets.xcassets */; };
		17675E662967749300B8BDED /* Preview Assets.xcassets in Resources */ = {isa = PBXBuildFile; fileRef = 17675E652967749300B8BDED /* Preview Assets.xcassets */; };
		17675E682967749300B8BDED /* Persistence.swift in Sources */ = {isa = PBXBuildFile; fileRef = 17675E672967749300B8BDED /* Persistence.swift */; };
		17675E6B2967749300B8BDED /* CoreDateToMany.xcdatamodeld in Sources */ = {isa = PBXBuildFile; fileRef = 17675E692967749300B8BDED /* CoreDateToMany.xcdatamodeld */; };
		17675E722967769E00B8BDED /* UpdateView.swift in Sources */ = {isa = PBXBuildFile; fileRef = 17675E712967769E00B8BDED /* UpdateView.swift */; };
		17675E74296779B900B8BDED /* CompagnyDetail.swift in Sources */ = {isa = PBXBuildFile; fileRef = 17675E73296779B900B8BDED /* CompagnyDetail.swift */; };
		17675E7929677D6A00B8BDED /* Employee+CoreDataClass.swift in Sources */ = {isa = PBXBuildFile; fileRef = 17675E7529677D6A00B8BDED /* Employee+CoreDataClass.swift */; };
		17675E7A29677D6A00B8BDED /* Employee+CoreDataProperties.swift in Sources */ = {isa = PBXBuildFile; fileRef = 17675E7629677D6A00B8BDED /* Employee+CoreDataProperties.swift */; };
		17675E7B29677D6A00B8BDED /* Company+CoreDataClass.swift in Sources */ = {isa = PBXBuildFile; fileRef = 17675E7729677D6A00B8BDED /* Company+CoreDataClass.swift */; };
		17675E7C29677D6A00B8BDED /* Company+CoreDataProperties.swift in Sources */ = {isa = PBXBuildFile; fileRef = 17675E7829677D6A00B8BDED /* Company+CoreDataProperties.swift */; };
		17C28A2729680EB000751ECB /* TaskEditView.swift in Sources */ = {isa = PBXBuildFile; fileRef = 17C28A2629680EB000751ECB /* TaskEditView.swift */; };
		17C28A2929680EFF00751ECB /* AddTaskViewModel.swift in Sources */ = {isa = PBXBuildFile; fileRef = 17C28A2829680EFF00751ECB /* AddTaskViewModel.swift */; };
		17C28A2B2968117D00751ECB /* NotificationManager.swift in Sources */ = {isa = PBXBuildFile; fileRef = 17C28A2A2968117D00751ECB /* NotificationManager.swift */; };
		17C28A2D2968120400751ECB /*  ButtonAddTaskView.swift in Sources */ = {isa = PBXBuildFile; fileRef = 17C28A2C2968120400751ECB /*  ButtonAddTaskView.swift */; };
		17C28A2F2968295A00751ECB /* CategorieCellView.swift in Sources */ = {isa = PBXBuildFile; fileRef = 17C28A2E2968295A00751ECB /* CategorieCellView.swift */; };
/* End PBXBuildFile section */

/* Begin PBXFileReference section */
		1757BABE29680BEA00C78BCD /* EmployeeDétail.swift */ = {isa = PBXFileReference; lastKnownFileType = sourcecode.swift; path = "EmployeeDétail.swift"; sourceTree = "<group>"; };
		1757BAC029680D1900C78BCD /* TaskUpdateView.swift */ = {isa = PBXFileReference; lastKnownFileType = sourcecode.swift; path = TaskUpdateView.swift; sourceTree = "<group>"; };
		17675E5B2967749200B8BDED /* CoreDateToMany.app */ = {isa = PBXFileReference; explicitFileType = wrapper.application; includeInIndex = 0; path = CoreDateToMany.app; sourceTree = BUILT_PRODUCTS_DIR; };
		17675E5E2967749200B8BDED /* CoreDateToManyApp.swift */ = {isa = PBXFileReference; lastKnownFileType = sourcecode.swift; path = CoreDateToManyApp.swift; sourceTree = "<group>"; };
		17675E602967749200B8BDED /* ContentView.swift */ = {isa = PBXFileReference; lastKnownFileType = sourcecode.swift; path = ContentView.swift; sourceTree = "<group>"; };
		17675E622967749300B8BDED /* Assets.xcassets */ = {isa = PBXFileReference; lastKnownFileType = folder.assetcatalog; path = Assets.xcassets; sourceTree = "<group>"; };
		17675E652967749300B8BDED /* Preview Assets.xcassets */ = {isa = PBXFileReference; lastKnownFileType = folder.assetcatalog; path = "Preview Assets.xcassets"; sourceTree = "<group>"; };
		17675E672967749300B8BDED /* Persistence.swift */ = {isa = PBXFileReference; lastKnownFileType = sourcecode.swift; path = Persistence.swift; sourceTree = "<group>"; };
		17675E6A2967749300B8BDED /* CoreDateToMany.xcdatamodel */ = {isa = PBXFileReference; lastKnownFileType = wrapper.xcdatamodel; path = CoreDateToMany.xcdatamodel; sourceTree = "<group>"; };
		17675E712967769E00B8BDED /* UpdateView.swift */ = {isa = PBXFileReference; lastKnownFileType = sourcecode.swift; path = UpdateView.swift; sourceTree = "<group>"; };
		17675E73296779B900B8BDED /* CompagnyDetail.swift */ = {isa = PBXFileReference; lastKnownFileType = sourcecode.swift; path = CompagnyDetail.swift; sourceTree = "<group>"; };
		17675E7529677D6A00B8BDED /* Employee+CoreDataClass.swift */ = {isa = PBXFileReference; lastKnownFileType = sourcecode.swift; name = "Employee+CoreDataClass.swift"; path = "CoreDateToMany/CoreDataManager/Employee+CoreDataClass.swift"; sourceTree = SOURCE_ROOT; };
		17675E7629677D6A00B8BDED /* Employee+CoreDataProperties.swift */ = {isa = PBXFileReference; lastKnownFileType = sourcecode.swift; name = "Employee+CoreDataProperties.swift"; path = "CoreDateToMany/CoreDataManager/Employee+CoreDataProperties.swift"; sourceTree = SOURCE_ROOT; };
		17675E7729677D6A00B8BDED /* Company+CoreDataClass.swift */ = {isa = PBXFileReference; lastKnownFileType = sourcecode.swift; name = "Company+CoreDataClass.swift"; path = "CoreDateToMany/CoreDataManager/Company+CoreDataClass.swift"; sourceTree = SOURCE_ROOT; };
		17675E7829677D6A00B8BDED /* Company+CoreDataProperties.swift */ = {isa = PBXFileReference; lastKnownFileType = sourcecode.swift; name = "Company+CoreDataProperties.swift"; path = "CoreDateToMany/CoreDataManager/Company+CoreDataProperties.swift"; sourceTree = SOURCE_ROOT; };
		17C28A2629680EB000751ECB /* TaskEditView.swift */ = {isa = PBXFileReference; lastKnownFileType = sourcecode.swift; path = TaskEditView.swift; sourceTree = "<group>"; };
		17C28A2829680EFF00751ECB /* AddTaskViewModel.swift */ = {isa = PBXFileReference; lastKnownFileType = sourcecode.swift; path = AddTaskViewModel.swift; sourceTree = "<group>"; };
		17C28A2A2968117D00751ECB /* NotificationManager.swift */ = {isa = PBXFileReference; lastKnownFileType = sourcecode.swift; path = NotificationManager.swift; sourceTree = "<group>"; };
		17C28A2C2968120400751ECB /*  ButtonAddTaskView.swift */ = {isa = PBXFileReference; lastKnownFileType = sourcecode.swift; path = " ButtonAddTaskView.swift"; sourceTree = "<group>"; };
		17C28A2E2968295A00751ECB /* CategorieCellView.swift */ = {isa = PBXFileReference; lastKnownFileType = sourcecode.swift; path = CategorieCellView.swift; sourceTree = "<group>"; };
/* End PBXFileReference section */

/* Begin PBXFrameworksBuildPhase section */
		17675E582967749200B8BDED /* Frameworks */ = {
			isa = PBXFrameworksBuildPhase;
			buildActionMask = 2147483647;
			files = (
			);
			runOnlyForDeploymentPostprocessing = 0;
		};
/* End PBXFrameworksBuildPhase section */

/* Begin PBXGroup section */
		17675E522967749200B8BDED = {
			isa = PBXGroup;
			children = (
				17675E5D2967749200B8BDED /* CoreDateToMany */,
				17675E5C2967749200B8BDED /* Products */,
			);
			sourceTree = "<group>";
		};
		17675E5C2967749200B8BDED /* Products */ = {
			isa = PBXGroup;
			children = (
				17675E5B2967749200B8BDED /* CoreDateToMany.app */,
			);
			name = Products;
			sourceTree = "<group>";
		};
		17675E5D2967749200B8BDED /* CoreDateToMany */ = {
			isa = PBXGroup;
			children = (
				17675E5E2967749200B8BDED /* CoreDateToManyApp.swift */,
				17D40F7B296857DF00E4A133 /* CoreDataManager */,
				17D40F7A296857C900E4A133 /* ViewModels */,
				17D40F792968574200E4A133 /* Managers */,
				17D40F782968573200E4A133 /* Views */,
				17675E622967749300B8BDED /* Assets.xcassets */,
				17675E672967749300B8BDED /* Persistence.swift */,
				17675E692967749300B8BDED /* CoreDateToMany.xcdatamodeld */,
				17675E642967749300B8BDED /* Preview Content */,
			);
			path = CoreDateToMany;
			sourceTree = "<group>";
		};
		17675E642967749300B8BDED /* Preview Content */ = {
			isa = PBXGroup;
			children = (
				17675E652967749300B8BDED /* Preview Assets.xcassets */,
			);
			path = "Preview Content";
			sourceTree = "<group>";
		};
		17D40F782968573200E4A133 /* Views */ = {
			isa = PBXGroup;
			children = (
				17675E602967749200B8BDED /* ContentView.swift */,
				17C28A2E2968295A00751ECB /* CategorieCellView.swift */,
				17C28A2C2968120400751ECB /*  ButtonAddTaskView.swift */,
				17675E712967769E00B8BDED /* UpdateView.swift */,
				1757BABE29680BEA00C78BCD /* EmployeeDétail.swift */,
				17675E73296779B900B8BDED /* CompagnyDetail.swift */,
				1757BAC029680D1900C78BCD /* TaskUpdateView.swift */,
				17C28A2629680EB000751ECB /* TaskEditView.swift */,
			);
			path = Views;
			sourceTree = "<group>";
		};
		17D40F792968574200E4A133 /* Managers */ = {
			isa = PBXGroup;
			children = (
				17C28A2A2968117D00751ECB /* NotificationManager.swift */,
			);
			path = Managers;
			sourceTree = "<group>";
		};
		17D40F7A296857C900E4A133 /* ViewModels */ = {
			isa = PBXGroup;
			children = (
				17C28A2829680EFF00751ECB /* AddTaskViewModel.swift */,
			);
			path = ViewModels;
			sourceTree = "<group>";
		};
		17D40F7B296857DF00E4A133 /* CoreDataManager */ = {
			isa = PBXGroup;
			children = (
				17675E7529677D6A00B8BDED /* Employee+CoreDataClass.swift */,
				17675E7629677D6A00B8BDED /* Employee+CoreDataProperties.swift */,
				17675E7729677D6A00B8BDED /* Company+CoreDataClass.swift */,
				17675E7829677D6A00B8BDED /* Company+CoreDataProperties.swift */,
			);
			path = CoreDataManager;
			sourceTree = "<group>";
		};
/* End PBXGroup section */

/* Begin PBXNativeTarget section */
		17675E5A2967749200B8BDED /* CoreDateToMany */ = {
			isa = PBXNativeTarget;
			buildConfigurationList = 17675E6E2967749300B8BDED /* Build configuration list for PBXNativeTarget "CoreDateToMany" */;
			buildPhases = (
				17675E572967749200B8BDED /* Sources */,
				17675E582967749200B8BDED /* Frameworks */,
				17675E592967749200B8BDED /* Resources */,
			);
			buildRules = (
			);
			dependencies = (
			);
			name = CoreDateToMany;
			productName = CoreDateToMany;
			productReference = 17675E5B2967749200B8BDED /* CoreDateToMany.app */;
			productType = "com.apple.product-type.application";
		};
/* End PBXNativeTarget section */

/* Begin PBXProject section */
		17675E532967749200B8BDED /* Project object */ = {
			isa = PBXProject;
			attributes = {
				BuildIndependentTargetsInParallel = 1;
				LastSwiftUpdateCheck = 1420;
				LastUpgradeCheck = 1420;
				TargetAttributes = {
					17675E5A2967749200B8BDED = {
						CreatedOnToolsVersion = 14.2;
					};
				};
			};
			buildConfigurationList = 17675E562967749200B8BDED /* Build configuration list for PBXProject "CoreDateToMany" */;
			compatibilityVersion = "Xcode 14.0";
			developmentRegion = en;
			hasScannedForEncodings = 0;
			knownRegions = (
				en,
				Base,
			);
			mainGroup = 17675E522967749200B8BDED;
			productRefGroup = 17675E5C2967749200B8BDED /* Products */;
			projectDirPath = "";
			projectRoot = "";
			targets = (
				17675E5A2967749200B8BDED /* CoreDateToMany */,
			);
		};
/* End PBXProject section */

/* Begin PBXResourcesBuildPhase section */
		17675E592967749200B8BDED /* Resources */ = {
			isa = PBXResourcesBuildPhase;
			buildActionMask = 2147483647;
			files = (
				17675E662967749300B8BDED /* Preview Assets.xcassets in Resources */,
				17675E632967749300B8BDED /* Assets.xcassets in Resources */,
			);
			runOnlyForDeploymentPostprocessing = 0;
		};
/* End PBXResourcesBuildPhase section */

/* Begin PBXSourcesBuildPhase section */
		17675E572967749200B8BDED /* Sources */ = {
			isa = PBXSourcesBuildPhase;
			buildActionMask = 2147483647;
			files = (
				1757BAC129680D1900C78BCD /* TaskUpdateView.swift in Sources */,
				17675E682967749300B8BDED /* Persistence.swift in Sources */,
				17675E612967749200B8BDED /* ContentView.swift in Sources */,
				17C28A2929680EFF00751ECB /* AddTaskViewModel.swift in Sources */,
				17C28A2729680EB000751ECB /* TaskEditView.swift in Sources */,
				17675E74296779B900B8BDED /* CompagnyDetail.swift in Sources */,
				17C28A2F2968295A00751ECB /* CategorieCellView.swift in Sources */,
				17C28A2D2968120400751ECB /*  ButtonAddTaskView.swift in Sources */,
				17675E722967769E00B8BDED /* UpdateView.swift in Sources */,
				17675E7B29677D6A00B8BDED /* Company+CoreDataClass.swift in Sources */,
				1757BABF29680BEA00C78BCD /* EmployeeDétail.swift in Sources */,
				17675E6B2967749300B8BDED /* CoreDateToMany.xcdatamodeld in Sources */,
				17675E7A29677D6A00B8BDED /* Employee+CoreDataProperties.swift in Sources */,
				17675E7929677D6A00B8BDED /* Employee+CoreDataClass.swift in Sources */,
				17C28A2B2968117D00751ECB /* NotificationManager.swift in Sources */,
				17675E7C29677D6A00B8BDED /* Company+CoreDataProperties.swift in Sources */,
				17675E5F2967749200B8BDED /* CoreDateToManyApp.swift in Sources */,
			);
			runOnlyForDeploymentPostprocessing = 0;
		};
/* End PBXSourcesBuildPhase section */

/* Begin XCBuildConfiguration section */
		17675E6C2967749300B8BDED /* Debug */ = {
			isa = XCBuildConfiguration;
			buildSettings = {
				ALWAYS_SEARCH_USER_PATHS = NO;
				CLANG_ANALYZER_NONNULL = YES;
				CLANG_ANALYZER_NUMBER_OBJECT_CONVERSION = YES_AGGRESSIVE;
				CLANG_CXX_LANGUAGE_STANDARD = "gnu++20";
				CLANG_ENABLE_MODULES = YES;
				CLANG_ENABLE_OBJC_ARC = YES;
				CLANG_ENABLE_OBJC_WEAK = YES;
				CLANG_WARN_BLOCK_CAPTURE_AUTORELEASING = YES;
				CLANG_WARN_BOOL_CONVERSION = YES;
				CLANG_WARN_COMMA = YES;
				CLANG_WARN_CONSTANT_CONVERSION = YES;
				CLANG_WARN_DEPRECATED_OBJC_IMPLEMENTATIONS = YES;
				CLANG_WARN_DIRECT_OBJC_ISA_USAGE = YES_ERROR;
				CLANG_WARN_DOCUMENTATION_COMMENTS = YES;
				CLANG_WARN_EMPTY_BODY = YES;
				CLANG_WARN_ENUM_CONVERSION = YES;
				CLANG_WARN_INFINITE_RECURSION = YES;
				CLANG_WARN_INT_CONVERSION = YES;
				CLANG_WARN_NON_LITERAL_NULL_CONVERSION = YES;
				CLANG_WARN_OBJC_IMPLICIT_RETAIN_SELF = YES;
				CLANG_WARN_OBJC_LITERAL_CONVERSION = YES;
				CLANG_WARN_OBJC_ROOT_CLASS = YES_ERROR;
				CLANG_WARN_QUOTED_INCLUDE_IN_FRAMEWORK_HEADER = YES;
				CLANG_WARN_RANGE_LOOP_ANALYSIS = YES;
				CLANG_WARN_STRICT_PROTOTYPES = YES;
				CLANG_WARN_SUSPICIOUS_MOVE = YES;
				CLANG_WARN_UNGUARDED_AVAILABILITY = YES_AGGRESSIVE;
				CLANG_WARN_UNREACHABLE_CODE = YES;
				CLANG_WARN__DUPLICATE_METHOD_MATCH = YES;
				COPY_PHASE_STRIP = NO;
				DEBUG_INFORMATION_FORMAT = dwarf;
				ENABLE_STRICT_OBJC_MSGSEND = YES;
				ENABLE_TESTABILITY = YES;
				GCC_C_LANGUAGE_STANDARD = gnu11;
				GCC_DYNAMIC_NO_PIC = NO;
				GCC_NO_COMMON_BLOCKS = YES;
				GCC_OPTIMIZATION_LEVEL = 0;
				GCC_PREPROCESSOR_DEFINITIONS = (
					"DEBUG=1",
					"$(inherited)",
				);
				GCC_WARN_64_TO_32_BIT_CONVERSION = YES;
				GCC_WARN_ABOUT_RETURN_TYPE = YES_ERROR;
				GCC_WARN_UNDECLARED_SELECTOR = YES;
				GCC_WARN_UNINITIALIZED_AUTOS = YES_AGGRESSIVE;
				GCC_WARN_UNUSED_FUNCTION = YES;
				GCC_WARN_UNUSED_VARIABLE = YES;
				IPHONEOS_DEPLOYMENT_TARGET = 16.2;
				MTL_ENABLE_DEBUG_INFO = INCLUDE_SOURCE;
				MTL_FAST_MATH = YES;
				ONLY_ACTIVE_ARCH = YES;
				SDKROOT = iphoneos;
				SWIFT_ACTIVE_COMPILATION_CONDITIONS = DEBUG;
				SWIFT_OPTIMIZATION_LEVEL = "-Onone";
			};
			name = Debug;
		};
		17675E6D2967749300B8BDED /* Release */ = {
			isa = XCBuildConfiguration;
			buildSettings = {
				ALWAYS_SEARCH_USER_PATHS = NO;
				CLANG_ANALYZER_NONNULL = YES;
				CLANG_ANALYZER_NUMBER_OBJECT_CONVERSION = YES_AGGRESSIVE;
				CLANG_CXX_LANGUAGE_STANDARD = "gnu++20";
				CLANG_ENABLE_MODULES = YES;
				CLANG_ENABLE_OBJC_ARC = YES;
				CLANG_ENABLE_OBJC_WEAK = YES;
				CLANG_WARN_BLOCK_CAPTURE_AUTORELEASING = YES;
				CLANG_WARN_BOOL_CONVERSION = YES;
				CLANG_WARN_COMMA = YES;
				CLANG_WARN_CONSTANT_CONVERSION = YES;
				CLANG_WARN_DEPRECATED_OBJC_IMPLEMENTATIONS = YES;
				CLANG_WARN_DIRECT_OBJC_ISA_USAGE = YES_ERROR;
				CLANG_WARN_DOCUMENTATION_COMMENTS = YES;
				CLANG_WARN_EMPTY_BODY = YES;
				CLANG_WARN_ENUM_CONVERSION = YES;
				CLANG_WARN_INFINITE_RECURSION = YES;
				CLANG_WARN_INT_CONVERSION = YES;
				CLANG_WARN_NON_LITERAL_NULL_CONVERSION = YES;
				CLANG_WARN_OBJC_IMPLICIT_RETAIN_SELF = YES;
				CLANG_WARN_OBJC_LITERAL_CONVERSION = YES;
				CLANG_WARN_OBJC_ROOT_CLASS = YES_ERROR;
				CLANG_WARN_QUOTED_INCLUDE_IN_FRAMEWORK_HEADER = YES;
				CLANG_WARN_RANGE_LOOP_ANALYSIS = YES;
				CLANG_WARN_STRICT_PROTOTYPES = YES;
				CLANG_WARN_SUSPICIOUS_MOVE = YES;
				CLANG_WARN_UNGUARDED_AVAILABILITY = YES_AGGRESSIVE;
				CLANG_WARN_UNREACHABLE_CODE = YES;
				CLANG_WARN__DUPLICATE_METHOD_MATCH = YES;
				COPY_PHASE_STRIP = NO;
				DEBUG_INFORMATION_FORMAT = "dwarf-with-dsym";
				ENABLE_NS_ASSERTIONS = NO;
				ENABLE_STRICT_OBJC_MSGSEND = YES;
				GCC_C_LANGUAGE_STANDARD = gnu11;
				GCC_NO_COMMON_BLOCKS = YES;
				GCC_WARN_64_TO_32_BIT_CONVERSION = YES;
				GCC_WARN_ABOUT_RETURN_TYPE = YES_ERROR;
				GCC_WARN_UNDECLARED_SELECTOR = YES;
				GCC_WARN_UNINITIALIZED_AUTOS = YES_AGGRESSIVE;
				GCC_WARN_UNUSED_FUNCTION = YES;
				GCC_WARN_UNUSED_VARIABLE = YES;
				IPHONEOS_DEPLOYMENT_TARGET = 16.2;
				MTL_ENABLE_DEBUG_INFO = NO;
				MTL_FAST_MATH = YES;
				SDKROOT = iphoneos;
				SWIFT_COMPILATION_MODE = wholemodule;
				SWIFT_OPTIMIZATION_LEVEL = "-O";
				VALIDATE_PRODUCT = YES;
			};
			name = Release;
		};
		17675E6F2967749300B8BDED /* Debug */ = {
			isa = XCBuildConfiguration;
			buildSettings = {
				ASSETCATALOG_COMPILER_APPICON_NAME = AppIcon;
				ASSETCATALOG_COMPILER_GLOBAL_ACCENT_COLOR_NAME = AccentColor;
				CODE_SIGN_STYLE = Automatic;
				CURRENT_PROJECT_VERSION = 1;
				DEVELOPMENT_ASSET_PATHS = "\"CoreDateToMany/Preview Content\"";
				DEVELOPMENT_TEAM = 8YR2KQ4MQ5;
				ENABLE_PREVIEWS = YES;
				GENERATE_INFOPLIST_FILE = YES;
				INFOPLIST_KEY_UIApplicationSceneManifest_Generation = YES;
				INFOPLIST_KEY_UIApplicationSupportsIndirectInputEvents = YES;
				INFOPLIST_KEY_UILaunchScreen_Generation = YES;
				INFOPLIST_KEY_UISupportedInterfaceOrientations_iPad = "UIInterfaceOrientationPortrait UIInterfaceOrientationPortraitUpsideDown UIInterfaceOrientationLandscapeLeft UIInterfaceOrientationLandscapeRight";
				INFOPLIST_KEY_UISupportedInterfaceOrientations_iPhone = "UIInterfaceOrientationPortrait UIInterfaceOrientationLandscapeLeft UIInterfaceOrientationLandscapeRight";
				LD_RUNPATH_SEARCH_PATHS = (
					"$(inherited)",
					"@executable_path/Frameworks",
				);
				MARKETING_VERSION = 1.0;
				PRODUCT_BUNDLE_IDENTIFIER = com.Tristan.CoreDateToMany;
				PRODUCT_NAME = "$(TARGET_NAME)";
				SWIFT_EMIT_LOC_STRINGS = YES;
				SWIFT_VERSION = 5.0;
				TARGETED_DEVICE_FAMILY = "1,2";
			};
			name = Debug;
		};
		17675E702967749300B8BDED /* Release */ = {
			isa = XCBuildConfiguration;
			buildSettings = {
				ASSETCATALOG_COMPILER_APPICON_NAME = AppIcon;
				ASSETCATALOG_COMPILER_GLOBAL_ACCENT_COLOR_NAME = AccentColor;
				CODE_SIGN_STYLE = Automatic;
				CURRENT_PROJECT_VERSION = 1;
				DEVELOPMENT_ASSET_PATHS = "\"CoreDateToMany/Preview Content\"";
				DEVELOPMENT_TEAM = 8YR2KQ4MQ5;
				ENABLE_PREVIEWS = YES;
				GENERATE_INFOPLIST_FILE = YES;
				INFOPLIST_KEY_UIApplicationSceneManifest_Generation = YES;
				INFOPLIST_KEY_UIApplicationSupportsIndirectInputEvents = YES;
				INFOPLIST_KEY_UILaunchScreen_Generation = YES;
				INFOPLIST_KEY_UISupportedInterfaceOrientations_iPad = "UIInterfaceOrientationPortrait UIInterfaceOrientationPortraitUpsideDown UIInterfaceOrientationLandscapeLeft UIInterfaceOrientationLandscapeRight";
				INFOPLIST_KEY_UISupportedInterfaceOrientations_iPhone = "UIInterfaceOrientationPortrait UIInterfaceOrientationLandscapeLeft UIInterfaceOrientationLandscapeRight";
				LD_RUNPATH_SEARCH_PATHS = (
					"$(inherited)",
					"@executable_path/Frameworks",
				);
				MARKETING_VERSION = 1.0;
				PRODUCT_BUNDLE_IDENTIFIER = com.Tristan.CoreDateToMany;
				PRODUCT_NAME = "$(TARGET_NAME)";
				SWIFT_EMIT_LOC_STRINGS = YES;
				SWIFT_VERSION = 5.0;
				TARGETED_DEVICE_FAMILY = "1,2";
			};
			name = Release;
		};
/* End XCBuildConfiguration section */

/* Begin XCConfigurationList section */
		17675E562967749200B8BDED /* Build configuration list for PBXProject "CoreDateToMany" */ = {
			isa = XCConfigurationList;
			buildConfigurations = (
				17675E6C2967749300B8BDED /* Debug */,
				17675E6D2967749300B8BDED /* Release */,
			);
			defaultConfigurationIsVisible = 0;
			defaultConfigurationName = Release;
		};
		17675E6E2967749300B8BDED /* Build configuration list for PBXNativeTarget "CoreDateToMany" */ = {
			isa = XCConfigurationList;
			buildConfigurations = (
				17675E6F2967749300B8BDED /* Debug */,
				17675E702967749300B8BDED /* Release */,
			);
			defaultConfigurationIsVisible = 0;
			defaultConfigurationName = Release;
		};
/* End XCConfigurationList section */

/* Begin XCVersionGroup section */
		17675E692967749300B8BDED /* CoreDateToMany.xcdatamodeld */ = {
			isa = XCVersionGroup;
			children = (
				17675E6A2967749300B8BDED /* CoreDateToMany.xcdatamodel */,
			);
			currentVersion = 17675E6A2967749300B8BDED /* CoreDateToMany.xcdatamodel */;
			path = CoreDateToMany.xcdatamodeld;
			sourceTree = "<group>";
			versionGroupType = wrapper.xcdatamodel;
		};
/* End XCVersionGroup section */
	};
	rootObject = 17675E532967749200B8BDED /* Project object */;
}
